
Microsoft Visual Studio Solution File, Format Version 12.00
# Visual Studio Version 17
VisualStudioVersion = 17.9.34728.123
MinimumVisualStudioVersion = 10.0.40219.1
Project("{FAE04EC0-301F-11D3-BF4B-00C04F79EFBC}") = "JWTCrudWebAPI", "JWTCrudWebAPI\JWTCrudWebAPI.csproj", "{F526E185-7772-438D-9F11-9DCD5A6BB746}"
EndProject
Global
	GlobalSection(SolutionConfigurationPlatforms) = preSolution
		Debug|Any CPU = Debug|Any CPU
		Release|Any CPU = Release|Any CPU
	EndGlobalSection
	GlobalSection(ProjectConfigurationPlatforms) = postSolution
		{F526E185-7772-438D-9F11-9DCD5A6BB746}.Debug|Any CPU.ActiveCfg = Debug|Any CPU
		{F526E185-7772-438D-9F11-9DCD5A6BB746}.Debug|Any CPU.Build.0 = Debug|Any CPU
		{F526E185-7772-438D-9F11-9DCD5A6BB746}.Release|Any CPU.ActiveCfg = Release|Any CPU
		{F526E185-7772-438D-9F11-9DCD5A6BB746}.Release|Any CPU.Build.0 = Release|Any CPU
	EndGlobalSection
	GlobalSection(SolutionProperties) = preSolution
		HideSolutionNode = FALSE
	EndGlobalSection
	GlobalSection(ExtensibilityGlobals) = postSolution
		SolutionGuid = {DE1875F2-2589-4415-826D-87106B62F99E}
	EndGlobalSection
EndGlobal
